
Microsoft Visual Studio Solution File, Format Version 12.00
# Visual Studio 15
VisualStudioVersion = 15.0.27703.2000
MinimumVisualStudioVersion = 10.0.40219.1
Project("{8BC9CEB8-8B4A-11D0-8D11-00A0C91BC942}") = "MyDxBase", "MyDxBase\MyDxBase.vcxproj", "{3A97CCB0-4F70-439D-A807-3CFC271EF05B}"
EndProject
Project("{8BC9CEB8-8B4A-11D0-8D11-00A0C91BC942}") = "MapFileCreater", "MapFileCreater\MapFileCreater.vcxproj", "{BB462EC4-6AAF-4270-8DC4-4239250EBF39}"
EndProject
Global
	GlobalSection(SolutionConfigurationPlatforms) = preSolution
		Debug|x64 = Debug|x64
		Debug|x86 = Debug|x86
		Release|x64 = Release|x64
		Release|x86 = Release|x86
	EndGlobalSection
	GlobalSection(ProjectConfigurationPlatforms) = postSolution
		{3A97CCB0-4F70-439D-A807-3CFC271EF05B}.Debug|x64.ActiveCfg = Debug|x64
		{3A97CCB0-4F70-439D-A807-3CFC271EF05B}.Debug|x64.Build.0 = Debug|x64
		{3A97CCB0-4F70-439D-A807-3CFC271EF05B}.Debug|x86.ActiveCfg = Debug|Win32
		{3A97CCB0-4F70-439D-A807-3CFC271EF05B}.Debug|x86.Build.0 = Debug|Win32
		{3A97CCB0-4F70-439D-A807-3CFC271EF05B}.Release|x64.ActiveCfg = Release|x64
		{3A97CCB0-4F70-439D-A807-3CFC271EF05B}.Release|x64.Build.0 = Release|x64
		{3A97CCB0-4F70-439D-A807-3CFC271EF05B}.Release|x86.ActiveCfg = Release|Win32
		{3A97CCB0-4F70-439D-A807-3CFC271EF05B}.Release|x86.Build.0 = Release|Win32
		{BB462EC4-6AAF-4270-8DC4-4239250EBF39}.Debug|x64.ActiveCfg = Debug|x64
		{BB462EC4-6AAF-4270-8DC4-4239250EBF39}.Debug|x64.Build.0 = Debug|x64
		{BB462EC4-6AAF-4270-8DC4-4239250EBF39}.Debug|x86.ActiveCfg = Debug|Win32
		{BB462EC4-6AAF-4270-8DC4-4239250EBF39}.Debug|x86.Build.0 = Debug|Win32
		{BB462EC4-6AAF-4270-8DC4-4239250EBF39}.Release|x64.ActiveCfg = Release|x64
		{BB462EC4-6AAF-4270-8DC4-4239250EBF39}.Release|x64.Build.0 = Release|x64
		{BB462EC4-6AAF-4270-8DC4-4239250EBF39}.Release|x86.ActiveCfg = Release|Win32
		{BB462EC4-6AAF-4270-8DC4-4239250EBF39}.Release|x86.Build.0 = Release|Win32
	EndGlobalSection
	GlobalSection(SolutionProperties) = preSolution
		HideSolutionNode = FALSE
	EndGlobalSection
	GlobalSection(ExtensibilityGlobals) = postSolution
		SolutionGuid = {5CC2AD27-E2EE-4CC7-A66C-6EE2E634A9DC}
	EndGlobalSection
EndGlobal
